
Microsoft Visual Studio Solution File, Format Version 11.00
# Visual Studio 2010
Project("{FAE04EC0-301F-11D3-BF4B-00C04F79EFBC}") = "Assembly-CSharp", "Assembly-CSharp.csproj", "{0cde938d-2feb-07c9-86ea-f17aca27bff5}"
EndProject
Project("{FAE04EC0-301F-11D3-BF4B-00C04F79EFBC}") = "AstarPathfindingProject", "AstarPathfindingProject.csproj", "{3acf6fe6-0cbe-3f28-84aa-5abe0a73baeb}"
EndProject
Project("{FAE04EC0-301F-11D3-BF4B-00C04F79EFBC}") = "Assembly-CSharp-Editor", "Assembly-CSharp-Editor.csproj", "{638b3537-1853-101e-1491-67e528cb9d0d}"
EndProject
Project("{FAE04EC0-301F-11D3-BF4B-00C04F79EFBC}") = "PackageToolsEditor", "PackageToolsEditor.csproj", "{9e44b4ce-7f70-dee4-574e-d552fa0a632d}"
EndProject
Project("{FAE04EC0-301F-11D3-BF4B-00C04F79EFBC}") = "AstarPathfindingProjectEditor", "AstarPathfindingProjectEditor.csproj", "{791ba692-c9be-6614-9dd9-38c4ed2eb9ad}"
EndProject
Global
	GlobalSection(SolutionConfigurationPlatforms) = preSolution
		Debug|Any CPU = Debug|Any CPU
	EndGlobalSection
	GlobalSection(ProjectConfigurationPlatforms) = postSolution
		{0cde938d-2feb-07c9-86ea-f17aca27bff5}.Debug|Any CPU.ActiveCfg = Debug|Any CPU
		{0cde938d-2feb-07c9-86ea-f17aca27bff5}.Debug|Any CPU.Build.0 = Debug|Any CPU
		{3acf6fe6-0cbe-3f28-84aa-5abe0a73baeb}.Debug|Any CPU.ActiveCfg = Debug|Any CPU
		{3acf6fe6-0cbe-3f28-84aa-5abe0a73baeb}.Debug|Any CPU.Build.0 = Debug|Any CPU
		{638b3537-1853-101e-1491-67e528cb9d0d}.Debug|Any CPU.ActiveCfg = Debug|Any CPU
		{638b3537-1853-101e-1491-67e528cb9d0d}.Debug|Any CPU.Build.0 = Debug|Any CPU
		{9e44b4ce-7f70-dee4-574e-d552fa0a632d}.Debug|Any CPU.ActiveCfg = Debug|Any CPU
		{9e44b4ce-7f70-dee4-574e-d552fa0a632d}.Debug|Any CPU.Build.0 = Debug|Any CPU
		{791ba692-c9be-6614-9dd9-38c4ed2eb9ad}.Debug|Any CPU.ActiveCfg = Debug|Any CPU
		{791ba692-c9be-6614-9dd9-38c4ed2eb9ad}.Debug|Any CPU.Build.0 = Debug|Any CPU
	EndGlobalSection
	GlobalSection(SolutionProperties) = preSolution
		HideSolutionNode = FALSE
	EndGlobalSection
EndGlobal
